
Microsoft Visual Studio Solution File, Format Version 12.00
# Visual Studio 15
VisualStudioVersion = 15.0.26730.15
MinimumVisualStudioVersion = 10.0.40219.1
Project("{8BC9CEB8-8B4A-11D0-8D11-00A0C91BC942}") = "ETSChatOverlay", "ETSChatOverlay\ETSChatOverlay.vcxproj", "{D12DDB11-B293-4431-9918-C96DE2D541B7}"
EndProject
Global
	GlobalSection(SolutionConfigurationPlatforms) = preSolution
		Debug|x64 = Debug|x64
		Release|x64 = Release|x64
	EndGlobalSection
	GlobalSection(ProjectConfigurationPlatforms) = postSolution
		{D12DDB11-B293-4431-9918-C96DE2D541B7}.Debug|x64.ActiveCfg = Debug|x64
		{D12DDB11-B293-4431-9918-C96DE2D541B7}.Debug|x64.Build.0 = Debug|x64
		{D12DDB11-B293-4431-9918-C96DE2D541B7}.Release|x64.ActiveCfg = Release|x64
		{D12DDB11-B293-4431-9918-C96DE2D541B7}.Release|x64.Build.0 = Release|x64
	EndGlobalSection
	GlobalSection(SolutionProperties) = preSolution
		HideSolutionNode = FALSE
	EndGlobalSection
	GlobalSection(ExtensibilityGlobals) = postSolution
		SolutionGuid = {05A8E6E1-5154-41A9-82D0-DDABC3D4846A}
	EndGlobalSection
EndGlobal
